{
  "name": "fun-client",
  "version": "1.8.5",
  "lockfileVersion": 3,
  "requires": true,
  "packages": {
    "": {
      "name": "fun-client",
      "version": "1.8.5",
      "license": "ISC",
      "dependencies": {
        "nanoid": "^5.1.5"
      },
      "devDependencies": {
        "@types/nanoid": "^2.1.0"
      }
    },
    "node_modules/@types/nanoid": {
      "version": "2.1.0",
      "resolved": "https://registry.npmjs.org/@types/nanoid/-/nanoid-2.1.0.tgz",
      "integrity": "sha512-xdkn/oRTA0GSNPLIKZgHWqDTWZsVrieKomxJBOQUK9YDD+zfSgmwD5t4WJYra5S7XyhTw7tfvwznW+pFexaepQ==",
      "dev": true,
      "license": "MIT",
      "dependencies": {
        "@types/node": "*"
      }
    },
    "node_modules/@types/node": {
      "version": "24.3.3",
      "resolved": "https://registry.npmjs.org/@types/node/-/node-24.3.3.tgz",
      "integrity": "sha512-GKBNHjoNw3Kra1Qg5UXttsY5kiWMEfoHq2TmXb+b1rcm6N7B3wTrFYIf/oSZ1xNQ+hVVijgLkiDZh7jRRsh+Gw==",
      "dev": true,
      "license": "MIT",
      "dependencies": {
        "undici-types": "~7.10.0"
      }
    },
    "node_modules/nanoid": {
      "version": "5.1.5",
      "resolved": "https://registry.npmjs.org/nanoid/-/nanoid-5.1.5.tgz",
      "integrity": "sha512-Ir/+ZpE9fDsNH0hQ3C68uyThDXzYcim2EqcZ8zn8Chtt1iylPT9xXJB0kPCnqzgcEGikO9RxSrh63MsmVCU7Fw==",
      "funding": [
        {
          "type": "github",
          "url": "https://github.com/sponsors/ai"
        }
      ],
      "license": "MIT",
      "bin": {
        "nanoid": "bin/nanoid.js"
      },
      "engines": {
        "node": "^18 || >=20"
      }
    },
    "node_modules/undici-types": {
      "version": "7.10.0",
      "resolved": "https://registry.npmjs.org/undici-types/-/undici-types-7.10.0.tgz",
      "integrity": "sha512-t5Fy/nfn+14LuOc2KNYg75vZqClpAiqscVvMygNnlsHBFpSXdJaYtXMcdNLpl/Qvc3P2cB3s6lOV51nqsFq4ag==",
      "dev": true,
      "license": "MIT"
    }
  }
}
